
Microsoft Visual Studio Solution File, Format Version 11.00
# Visual Studio 2010
Project("{FAE04EC0-301F-11D3-BF4B-00C04F79EFBC}") = "Capistrano.Net.Web", "src\Capistrano.Net.Web\Capistrano.Net.Web.csproj", "{13AD0B0F-B14E-42DF-B217-DE1FCE518DA7}"
EndProject
Global
	GlobalSection(SolutionConfigurationPlatforms) = preSolution
		Debug|Any CPU = Debug|Any CPU
		Release|Any CPU = Release|Any CPU
	EndGlobalSection
	GlobalSection(ProjectConfigurationPlatforms) = postSolution
		{13AD0B0F-B14E-42DF-B217-DE1FCE518DA7}.Debug|Any CPU.ActiveCfg = Debug|Any CPU
		{13AD0B0F-B14E-42DF-B217-DE1FCE518DA7}.Debug|Any CPU.Build.0 = Debug|Any CPU
		{13AD0B0F-B14E-42DF-B217-DE1FCE518DA7}.Release|Any CPU.ActiveCfg = Release|Any CPU
		{13AD0B0F-B14E-42DF-B217-DE1FCE518DA7}.Release|Any CPU.Build.0 = Release|Any CPU
	EndGlobalSection
	GlobalSection(MonoDevelopProperties) = preSolution
		StartupItem = src\Capistrano.Net.Web\Capistrano.Net.Web.csproj
	EndGlobalSection
	GlobalSection(SolutionProperties) = preSolution
		HideSolutionNode = FALSE
	EndGlobalSection
EndGlobal
